
Microsoft Visual Studio Solution File, Format Version 12.00
# Visual Studio Version 17
VisualStudioVersion = 17.2.32516.85
MinimumVisualStudioVersion = 10.0.40219.1
Project("{FAE04EC0-301F-11D3-BF4B-00C04F79EFBC}") = "IMSS", "IMSS\IMSS.csproj", "{4AB7EC65-4B54-40F8-AF17-C890B1C99010}"
EndProject
Global
	GlobalSection(SolutionConfigurationPlatforms) = preSolution
		Debug|Any CPU = Debug|Any CPU
		Release|Any CPU = Release|Any CPU
	EndGlobalSection
	GlobalSection(ProjectConfigurationPlatforms) = postSolution
		{4AB7EC65-4B54-40F8-AF17-C890B1C99010}.Debug|Any CPU.ActiveCfg = Debug|Any CPU
		{4AB7EC65-4B54-40F8-AF17-C890B1C99010}.Debug|Any CPU.Build.0 = Debug|Any CPU
		{4AB7EC65-4B54-40F8-AF17-C890B1C99010}.Release|Any CPU.ActiveCfg = Release|Any CPU
		{4AB7EC65-4B54-40F8-AF17-C890B1C99010}.Release|Any CPU.Build.0 = Release|Any CPU
	EndGlobalSection
	GlobalSection(SolutionProperties) = preSolution
		HideSolutionNode = FALSE
	EndGlobalSection
	GlobalSection(ExtensibilityGlobals) = postSolution
		SolutionGuid = {28F234DF-0359-4341-B1C0-EF8C68353965}
	EndGlobalSection
EndGlobal
