
Microsoft Visual Studio Solution File, Format Version 12.00
# Visual Studio Version 17
VisualStudioVersion = 17.2.32516.85
MinimumVisualStudioVersion = 10.0.40219.1
Project("{FAE04EC0-301F-11D3-BF4B-00C04F79EFBC}") = "WCFAlumnos", "WCFAlumnos\WCFAlumnos.csproj", "{A939B1CD-7E34-49C9-87D3-4114071124A0}"
EndProject
Global
	GlobalSection(SolutionConfigurationPlatforms) = preSolution
		Debug|Any CPU = Debug|Any CPU
		Release|Any CPU = Release|Any CPU
	EndGlobalSection
	GlobalSection(ProjectConfigurationPlatforms) = postSolution
		{A939B1CD-7E34-49C9-87D3-4114071124A0}.Debug|Any CPU.ActiveCfg = Debug|Any CPU
		{A939B1CD-7E34-49C9-87D3-4114071124A0}.Debug|Any CPU.Build.0 = Debug|Any CPU
		{A939B1CD-7E34-49C9-87D3-4114071124A0}.Release|Any CPU.ActiveCfg = Release|Any CPU
		{A939B1CD-7E34-49C9-87D3-4114071124A0}.Release|Any CPU.Build.0 = Release|Any CPU
	EndGlobalSection
	GlobalSection(SolutionProperties) = preSolution
		HideSolutionNode = FALSE
	EndGlobalSection
	GlobalSection(ExtensibilityGlobals) = postSolution
		SolutionGuid = {DC7402C0-7BB5-4A6F-A1C6-628E3328F3A2}
	EndGlobalSection
EndGlobal
