
Microsoft Visual Studio Solution File, Format Version 12.00
# Visual Studio Version 17
VisualStudioVersion = 17.2.32516.85
MinimumVisualStudioVersion = 10.0.40219.1
Project("{FAE04EC0-301F-11D3-BF4B-00C04F79EFBC}") = "WebServiceASMX", "WebServiceASMX\WebServiceASMX.csproj", "{7C9D08AC-24A5-42BC-8D05-E5DF465CDBC6}"
EndProject
Global
	GlobalSection(SolutionConfigurationPlatforms) = preSolution
		Debug|Any CPU = Debug|Any CPU
		Release|Any CPU = Release|Any CPU
	EndGlobalSection
	GlobalSection(ProjectConfigurationPlatforms) = postSolution
		{7C9D08AC-24A5-42BC-8D05-E5DF465CDBC6}.Debug|Any CPU.ActiveCfg = Debug|Any CPU
		{7C9D08AC-24A5-42BC-8D05-E5DF465CDBC6}.Debug|Any CPU.Build.0 = Debug|Any CPU
		{7C9D08AC-24A5-42BC-8D05-E5DF465CDBC6}.Release|Any CPU.ActiveCfg = Release|Any CPU
		{7C9D08AC-24A5-42BC-8D05-E5DF465CDBC6}.Release|Any CPU.Build.0 = Release|Any CPU
	EndGlobalSection
	GlobalSection(SolutionProperties) = preSolution
		HideSolutionNode = FALSE
	EndGlobalSection
	GlobalSection(ExtensibilityGlobals) = postSolution
		SolutionGuid = {6CF762A9-94C8-46F4-84C3-333D6FE133FA}
	EndGlobalSection
EndGlobal
